<?xml version="1.0" encoding="utf-8"?>
<Project ToolsVersion="4.0" xmlns="http://schemas.microsoft.com/developer/msbuild/2003">
  <ItemGroup>
    <Filter Include="include">
      <UniqueIdentifier>{93995380-89BD-4b04-88EB-625FBE52EBFB}</UniqueIdentifier>
      <Extensions>h;hh;hpp;hxx;hm;inl;inc;xsd</Extensions>
    </Filter>
    <Filter Include="src">
      <UniqueIdentifier>{4FC737F1-C7A5-4376-A066-2A32D752A2FF}</UniqueIdentifier>
      <Extensions>cpp;c;cc;cxx;def;odl;idl;hpj;bat;asm;asmx</Extensions>
    </Filter>
  </ItemGroup>
  <ItemGroup>
    <ClInclude Include="..\include\Button.h">
      <Filter>include</Filter>
    </ClInclude>
    <ClInclude Include="..\include\FlagsInit.h">
      <Filter>include</Filter>
    </ClInclude>
    <ClInclude Include="..\include\FlagsRenderer.h">
      <Filter>include</Filter>
    </ClInclude>
    <ClInclude Include="..\include\FlagsWindow.h">
      <Filter>include</Filter>
    </ClInclude>
    <ClInclude Include="..\include\libs.h">
      <Filter>include</Filter>
    </ClInclude>
    <ClInclude Include="..\include\Ngin.h">
      <Filter>include</Filter>
    </ClInclude>
    <ClInclude Include="..\include\Object.h">
      <Filter>include</Filter>
    </ClInclude>
    <ClInclude Include="..\include\objects.h">
      <Filter>include</Filter>
    </ClInclude>
    <ClInclude Include="..\include\Renderer.h">
      <Filter>include</Filter>
    </ClInclude>
    <ClInclude Include="..\include\sdf.h">
      <Filter>include</Filter>
    </ClInclude>
    <ClInclude Include="..\include\tajm.h">
      <Filter>include</Filter>
    </ClInclude>
    <ClInclude Include="..\include\textures.h">
      <Filter>include</Filter>
    </ClInclude>
    <ClInclude Include="..\include\types.h">
      <Filter>include</Filter>
    </ClInclude>
    <ClInclude Include="..\include\Window.h">
      <Filter>include</Filter>
    </ClInclude>
    <ClInclude Include="..\src\sdlRenderer.h">
      <Filter>src</Filter>
    </ClInclude>
    <ClInclude Include="..\src\sdlWindow.h">
      <Filter>src</Filter>
    </ClInclude>
    <ClInclude Include="..\include\TimeManager.h">
      <Filter>include</Filter>
    </ClInclude>
    <ClInclude Include="..\include\HardwareInfo.h">
      <Filter>include</Filter>
    </ClInclude>
    <ClInclude Include="..\include\Scene.h">
      <Filter>include</Filter>
    </ClInclude>
    <ClInclude Include="..\include\Keyboard.h">
      <Filter>include</Filter>
    </ClInclude>
    <ClInclude Include="..\include\Log.h">
      <Filter>include</Filter>
    </ClInclude>
  </ItemGroup>
  <ItemGroup>
    <ClCompile Include="..\src\Button.cpp">
      <Filter>src</Filter>
    </ClCompile>
    <ClCompile Include="..\src\FlagsInit.cpp">
      <Filter>src</Filter>
    </ClCompile>
    <ClCompile Include="..\src\FlagsRenderer.cpp">
      <Filter>src</Filter>
    </ClCompile>
    <ClCompile Include="..\src\FlagsWindow.cpp">
      <Filter>src</Filter>
    </ClCompile>
    <ClCompile Include="..\src\libs.cpp">
      <Filter>src</Filter>
    </ClCompile>
    <ClCompile Include="..\src\Ngin.cpp">
      <Filter>src</Filter>
    </ClCompile>
    <ClCompile Include="..\src\Object.cpp">
      <Filter>src</Filter>
    </ClCompile>
    <ClCompile Include="..\src\Renderer.cpp">
      <Filter>src</Filter>
    </ClCompile>
    <ClCompile Include="..\src\sdlRenderer.cpp">
      <Filter>src</Filter>
    </ClCompile>
    <ClCompile Include="..\src\sdlWindow.cpp">
      <Filter>src</Filter>
    </ClCompile>
    <ClCompile Include="..\src\textures.cpp">
      <Filter>src</Filter>
    </ClCompile>
    <ClCompile Include="..\src\Window.cpp">
      <Filter>src</Filter>
    </ClCompile>
    <ClCompile Include="..\src\TimeManager.cpp">
      <Filter>src</Filter>
    </ClCompile>
    <ClCompile Include="..\src\HardwareInfo.cpp">
      <Filter>src</Filter>
    </ClCompile>
    <ClCompile Include="..\src\Scene.cpp">
      <Filter>src</Filter>
    </ClCompile>
    <ClCompile Include="..\src\Log.cpp">
      <Filter>src</Filter>
    </ClCompile>
  </ItemGroup>
</Project>